dependencies:
- name: common
  repository: https://charts.bitnami.com/bitnami/
  version: 1.10.1
- name: mongodb
  repository: https://charts.bitnami.com/bitnami/
  version: 10.29.0
digest: sha256:6ffe2e8b681627e768abb1a2cb1040c4001bc23948e84b76778d2d1cb06bff9a
generated: "2021-11-04T21:28:46.783409692Z"
