dependencies:
- name: common
  repository: https://charts.bitnami.com/bitnami/
  version: 1.16.0
- name: mongodb
  repository: https://charts.bitnami.com/bitnami/
  version: 10.31.5
digest: sha256:8c817d1b5f1f607af8eaa6f44dea213c5f4672336bfc3d869e3a1d8549a8780e
generated: "2022-06-18T22:01:42.708068598Z"
