dependencies:
- name: common
  repository: https://charts.bitnami.com/bitnami/
  version: 1.7.1
- name: mongodb
  repository: https://charts.bitnami.com/bitnami/
  version: 10.29.0
digest: sha256:d8216473a618444858f69b2d73aa0b771f801eef1c246fa536eae5c5e81d0fc8
generated: "2021-11-04T21:54:08.209572547Z"
