dependencies:
- name: common
  repository: https://charts.bitnami.com/bitnami/
  version: 1.10.1
- name: mariadb
  repository: https://charts.bitnami.com/bitnami/
  version: 9.7.0
- name: postgresql
  repository: https://charts.bitnami.com/bitnami/
  version: 10.13.4
digest: sha256:510ec3552090bec64eae2744bcf5c585f2a3a1c85a6e56a21bda810ab4446778
generated: "2021-11-04T21:29:38.526545494Z"
