dependencies:
- name: common
  repository: https://charts.bitnami.com/bitnami/
  version: 1.7.1
- name: mariadb
  repository: https://charts.bitnami.com/bitnami/
  version: 9.7.0
- name: postgresql
  repository: https://charts.bitnami.com/bitnami/
  version: 10.9.4
digest: sha256:e2e74ac742e6fbe8182d479c4ebf151fc9a73f72972cd4f583e106ef28f28418
generated: "2021-11-04T21:52:45.139231469Z"
