dependencies:
- name: common
  repository: https://charts.bitnami.com/bitnami/
  version: 1.7.1
- name: mariadb
  repository: https://charts.bitnami.com/bitnami/
  version: 9.4.4
- name: postgresql
  repository: https://charts.bitnami.com/bitnami/
  version: 10.13.4
digest: sha256:749375d906f8e335a771174601e5191095154fb38d08e568bd5d67be2c333d28
generated: "2021-11-04T21:55:27.693941838Z"
